
Microsoft Visual Studio Solution File, Format Version 12.00
# Visual Studio Version 17
VisualStudioVersion = 17.9.34622.214
MinimumVisualStudioVersion = 10.0.40219.1
Project("{FAE04EC0-301F-11D3-BF4B-00C04F79EFBC}") = "CleanArchitecture.Api", "CleanArchitecture.Api\CleanArchitecture.Api.csproj", "{ED97F5F9-0773-40E9-82CE-45999C1EBC42}"
EndProject
Project("{FAE04EC0-301F-11D3-BF4B-00C04F79EFBC}") = "CleanArchitecture.Entity", "CleanArchitecture.Entity\CleanArchitecture.Entity.csproj", "{D07B0244-00BC-43BD-B4B0-8CBDB1E5D37F}"
EndProject
Project("{FAE04EC0-301F-11D3-BF4B-00C04F79EFBC}") = "CleanArchitecture.Repository", "CleanArchitecture.Repository\CleanArchitecture.Repository.csproj", "{633CB80F-D8C1-4989-BAD8-7D42409F2440}"
EndProject
Project("{FAE04EC0-301F-11D3-BF4B-00C04F79EFBC}") = "CleanArchitecture.Service", "CleanArchitecture.Service\CleanArchitecture.Service.csproj", "{31DDC0B9-1AF0-4859-9ADB-0D02E046C4C8}"
EndProject
Project("{FAE04EC0-301F-11D3-BF4B-00C04F79EFBC}") = "CleanArchitecture.DataTransferObject", "CleanArchitecture.DataTransferObject\CleanArchitecture.DataTransferObject.csproj", "{8E0454DC-37A2-41F0-9E81-9FD2188888F0}"
EndProject
Global
	GlobalSection(SolutionConfigurationPlatforms) = preSolution
		Debug|Any CPU = Debug|Any CPU
		Release|Any CPU = Release|Any CPU
	EndGlobalSection
	GlobalSection(ProjectConfigurationPlatforms) = postSolution
		{ED97F5F9-0773-40E9-82CE-45999C1EBC42}.Debug|Any CPU.ActiveCfg = Debug|Any CPU
		{ED97F5F9-0773-40E9-82CE-45999C1EBC42}.Debug|Any CPU.Build.0 = Debug|Any CPU
		{ED97F5F9-0773-40E9-82CE-45999C1EBC42}.Release|Any CPU.ActiveCfg = Release|Any CPU
		{ED97F5F9-0773-40E9-82CE-45999C1EBC42}.Release|Any CPU.Build.0 = Release|Any CPU
		{D07B0244-00BC-43BD-B4B0-8CBDB1E5D37F}.Debug|Any CPU.ActiveCfg = Debug|Any CPU
		{D07B0244-00BC-43BD-B4B0-8CBDB1E5D37F}.Debug|Any CPU.Build.0 = Debug|Any CPU
		{D07B0244-00BC-43BD-B4B0-8CBDB1E5D37F}.Release|Any CPU.ActiveCfg = Release|Any CPU
		{D07B0244-00BC-43BD-B4B0-8CBDB1E5D37F}.Release|Any CPU.Build.0 = Release|Any CPU
		{633CB80F-D8C1-4989-BAD8-7D42409F2440}.Debug|Any CPU.ActiveCfg = Debug|Any CPU
		{633CB80F-D8C1-4989-BAD8-7D42409F2440}.Debug|Any CPU.Build.0 = Debug|Any CPU
		{633CB80F-D8C1-4989-BAD8-7D42409F2440}.Release|Any CPU.ActiveCfg = Release|Any CPU
		{633CB80F-D8C1-4989-BAD8-7D42409F2440}.Release|Any CPU.Build.0 = Release|Any CPU
		{31DDC0B9-1AF0-4859-9ADB-0D02E046C4C8}.Debug|Any CPU.ActiveCfg = Debug|Any CPU
		{31DDC0B9-1AF0-4859-9ADB-0D02E046C4C8}.Debug|Any CPU.Build.0 = Debug|Any CPU
		{31DDC0B9-1AF0-4859-9ADB-0D02E046C4C8}.Release|Any CPU.ActiveCfg = Release|Any CPU
		{31DDC0B9-1AF0-4859-9ADB-0D02E046C4C8}.Release|Any CPU.Build.0 = Release|Any CPU
		{8E0454DC-37A2-41F0-9E81-9FD2188888F0}.Debug|Any CPU.ActiveCfg = Debug|Any CPU
		{8E0454DC-37A2-41F0-9E81-9FD2188888F0}.Debug|Any CPU.Build.0 = Debug|Any CPU
		{8E0454DC-37A2-41F0-9E81-9FD2188888F0}.Release|Any CPU.ActiveCfg = Release|Any CPU
		{8E0454DC-37A2-41F0-9E81-9FD2188888F0}.Release|Any CPU.Build.0 = Release|Any CPU
	EndGlobalSection
	GlobalSection(SolutionProperties) = preSolution
		HideSolutionNode = FALSE
	EndGlobalSection
	GlobalSection(ExtensibilityGlobals) = postSolution
		SolutionGuid = {31192CF1-6B10-43B7-BBD9-ECC7E6D13FEA}
	EndGlobalSection
EndGlobal
